
Microsoft Visual Studio Solution File, Format Version 12.00
# Visual Studio 15
VisualStudioVersion = 15.0.26430.13
MinimumVisualStudioVersion = 10.0.40219.1
Project("{FAE04EC0-301F-11D3-BF4B-00C04F79EFBC}") = "PSO2LauncherNew", "PSO2ProxyLauncherNew\PSO2LauncherNew.csproj", "{F7A0D700-7D16-4E05-86B2-F241786C29B1}"
EndProject
Project("{FAE04EC0-301F-11D3-BF4B-00C04F79EFBC}") = "MetroFramework", "MetroFramework\MetroFramework.csproj", "{13BB6F7B-327A-425C-8599-331AED3F3C7D}"
EndProject
Project("{FAE04EC0-301F-11D3-BF4B-00C04F79EFBC}") = "MetroFramework.Design", "MetroFramework.Design\MetroFramework.Design.csproj", "{1F58CE86-1D82-45D9-9C26-D4755F21C50A}"
EndProject
Project("{FAE04EC0-301F-11D3-BF4B-00C04F79EFBC}") = "MetroFramework.Fonts", "MetroFramework.Fonts\MetroFramework.Fonts.csproj", "{781F3215-63DD-4218-8EA5-3018F769E764}"
EndProject
Project("{FAE04EC0-301F-11D3-BF4B-00C04F79EFBC}") = "Leayal.Core", "Leayal.Core\Leayal.Core.csproj", "{3DCD41BD-C295-4BD1-B675-AEDC9FCBFA1A}"
EndProject
Project("{FAE04EC0-301F-11D3-BF4B-00C04F79EFBC}") = "Leayal.Forms", "Leayal.Forms\Leayal.Forms.csproj", "{641DC069-10C6-4E82-B148-BE35260B7860}"
EndProject
Global
	GlobalSection(SolutionConfigurationPlatforms) = preSolution
		Debug|Any CPU = Debug|Any CPU
		Debug|x86 = Debug|x86
		Debug1|Any CPU = Debug1|Any CPU
		Debug1|x86 = Debug1|x86
		Release|Any CPU = Release|Any CPU
		Release|x86 = Release|x86
	EndGlobalSection
	GlobalSection(ProjectConfigurationPlatforms) = postSolution
		{F7A0D700-7D16-4E05-86B2-F241786C29B1}.Debug|Any CPU.ActiveCfg = Debug|Any CPU
		{F7A0D700-7D16-4E05-86B2-F241786C29B1}.Debug|Any CPU.Build.0 = Debug|Any CPU
		{F7A0D700-7D16-4E05-86B2-F241786C29B1}.Debug|x86.ActiveCfg = Debug|Any CPU
		{F7A0D700-7D16-4E05-86B2-F241786C29B1}.Debug|x86.Build.0 = Debug|Any CPU
		{F7A0D700-7D16-4E05-86B2-F241786C29B1}.Debug1|Any CPU.ActiveCfg = Debug|Any CPU
		{F7A0D700-7D16-4E05-86B2-F241786C29B1}.Debug1|Any CPU.Build.0 = Debug|Any CPU
		{F7A0D700-7D16-4E05-86B2-F241786C29B1}.Debug1|x86.ActiveCfg = Debug|x86
		{F7A0D700-7D16-4E05-86B2-F241786C29B1}.Debug1|x86.Build.0 = Debug|x86
		{F7A0D700-7D16-4E05-86B2-F241786C29B1}.Release|Any CPU.ActiveCfg = Release|Any CPU
		{F7A0D700-7D16-4E05-86B2-F241786C29B1}.Release|Any CPU.Build.0 = Release|Any CPU
		{F7A0D700-7D16-4E05-86B2-F241786C29B1}.Release|x86.ActiveCfg = Release|x86
		{F7A0D700-7D16-4E05-86B2-F241786C29B1}.Release|x86.Build.0 = Release|x86
		{13BB6F7B-327A-425C-8599-331AED3F3C7D}.Debug|Any CPU.ActiveCfg = Debug|Any CPU
		{13BB6F7B-327A-425C-8599-331AED3F3C7D}.Debug|x86.ActiveCfg = Debug|Any CPU
		{13BB6F7B-327A-425C-8599-331AED3F3C7D}.Debug|x86.Build.0 = Debug|Any CPU
		{13BB6F7B-327A-425C-8599-331AED3F3C7D}.Debug1|Any CPU.ActiveCfg = Debug|Any CPU
		{13BB6F7B-327A-425C-8599-331AED3F3C7D}.Debug1|Any CPU.Build.0 = Debug|Any CPU
		{13BB6F7B-327A-425C-8599-331AED3F3C7D}.Debug1|x86.ActiveCfg = Debug|Any CPU
		{13BB6F7B-327A-425C-8599-331AED3F3C7D}.Debug1|x86.Build.0 = Debug|Any CPU
		{13BB6F7B-327A-425C-8599-331AED3F3C7D}.Release|Any CPU.ActiveCfg = Release|Any CPU
		{13BB6F7B-327A-425C-8599-331AED3F3C7D}.Release|x86.ActiveCfg = Release|Any CPU
		{13BB6F7B-327A-425C-8599-331AED3F3C7D}.Release|x86.Build.0 = Release|Any CPU
		{1F58CE86-1D82-45D9-9C26-D4755F21C50A}.Debug|Any CPU.ActiveCfg = Debug|Any CPU
		{1F58CE86-1D82-45D9-9C26-D4755F21C50A}.Debug|x86.ActiveCfg = Debug|Any CPU
		{1F58CE86-1D82-45D9-9C26-D4755F21C50A}.Debug|x86.Build.0 = Debug|Any CPU
		{1F58CE86-1D82-45D9-9C26-D4755F21C50A}.Debug1|Any CPU.ActiveCfg = Debug|Any CPU
		{1F58CE86-1D82-45D9-9C26-D4755F21C50A}.Debug1|Any CPU.Build.0 = Debug|Any CPU
		{1F58CE86-1D82-45D9-9C26-D4755F21C50A}.Debug1|x86.ActiveCfg = Debug|Any CPU
		{1F58CE86-1D82-45D9-9C26-D4755F21C50A}.Debug1|x86.Build.0 = Debug|Any CPU
		{1F58CE86-1D82-45D9-9C26-D4755F21C50A}.Release|Any CPU.ActiveCfg = Release|Any CPU
		{1F58CE86-1D82-45D9-9C26-D4755F21C50A}.Release|x86.ActiveCfg = Release|Any CPU
		{1F58CE86-1D82-45D9-9C26-D4755F21C50A}.Release|x86.Build.0 = Release|Any CPU
		{781F3215-63DD-4218-8EA5-3018F769E764}.Debug|Any CPU.ActiveCfg = Debug|Any CPU
		{781F3215-63DD-4218-8EA5-3018F769E764}.Debug|x86.ActiveCfg = Debug|Any CPU
		{781F3215-63DD-4218-8EA5-3018F769E764}.Debug|x86.Build.0 = Debug|Any CPU
		{781F3215-63DD-4218-8EA5-3018F769E764}.Debug1|Any CPU.ActiveCfg = Debug|Any CPU
		{781F3215-63DD-4218-8EA5-3018F769E764}.Debug1|Any CPU.Build.0 = Debug|Any CPU
		{781F3215-63DD-4218-8EA5-3018F769E764}.Debug1|x86.ActiveCfg = Debug|Any CPU
		{781F3215-63DD-4218-8EA5-3018F769E764}.Debug1|x86.Build.0 = Debug|Any CPU
		{781F3215-63DD-4218-8EA5-3018F769E764}.Release|Any CPU.ActiveCfg = Release|Any CPU
		{781F3215-63DD-4218-8EA5-3018F769E764}.Release|x86.ActiveCfg = Release|Any CPU
		{781F3215-63DD-4218-8EA5-3018F769E764}.Release|x86.Build.0 = Release|Any CPU
		{3DCD41BD-C295-4BD1-B675-AEDC9FCBFA1A}.Debug|Any CPU.ActiveCfg = Debug|Any CPU
		{3DCD41BD-C295-4BD1-B675-AEDC9FCBFA1A}.Debug|Any CPU.Build.0 = Debug|Any CPU
		{3DCD41BD-C295-4BD1-B675-AEDC9FCBFA1A}.Debug|x86.ActiveCfg = Debug|Any CPU
		{3DCD41BD-C295-4BD1-B675-AEDC9FCBFA1A}.Debug|x86.Build.0 = Debug|Any CPU
		{3DCD41BD-C295-4BD1-B675-AEDC9FCBFA1A}.Debug1|Any CPU.ActiveCfg = Debug|Any CPU
		{3DCD41BD-C295-4BD1-B675-AEDC9FCBFA1A}.Debug1|Any CPU.Build.0 = Debug|Any CPU
		{3DCD41BD-C295-4BD1-B675-AEDC9FCBFA1A}.Debug1|x86.ActiveCfg = Debug|Any CPU
		{3DCD41BD-C295-4BD1-B675-AEDC9FCBFA1A}.Debug1|x86.Build.0 = Debug|Any CPU
		{3DCD41BD-C295-4BD1-B675-AEDC9FCBFA1A}.Release|Any CPU.ActiveCfg = Release|Any CPU
		{3DCD41BD-C295-4BD1-B675-AEDC9FCBFA1A}.Release|x86.ActiveCfg = Release|Any CPU
		{3DCD41BD-C295-4BD1-B675-AEDC9FCBFA1A}.Release|x86.Build.0 = Release|Any CPU
		{641DC069-10C6-4E82-B148-BE35260B7860}.Debug|Any CPU.ActiveCfg = Debug|Any CPU
		{641DC069-10C6-4E82-B148-BE35260B7860}.Debug|Any CPU.Build.0 = Debug|Any CPU
		{641DC069-10C6-4E82-B148-BE35260B7860}.Debug|x86.ActiveCfg = Debug|Any CPU
		{641DC069-10C6-4E82-B148-BE35260B7860}.Debug|x86.Build.0 = Debug|Any CPU
		{641DC069-10C6-4E82-B148-BE35260B7860}.Debug1|Any CPU.ActiveCfg = Debug|Any CPU
		{641DC069-10C6-4E82-B148-BE35260B7860}.Debug1|Any CPU.Build.0 = Debug|Any CPU
		{641DC069-10C6-4E82-B148-BE35260B7860}.Debug1|x86.ActiveCfg = Debug|Any CPU
		{641DC069-10C6-4E82-B148-BE35260B7860}.Debug1|x86.Build.0 = Debug|Any CPU
		{641DC069-10C6-4E82-B148-BE35260B7860}.Release|Any CPU.ActiveCfg = Release|Any CPU
		{641DC069-10C6-4E82-B148-BE35260B7860}.Release|x86.ActiveCfg = Release|Any CPU
		{641DC069-10C6-4E82-B148-BE35260B7860}.Release|x86.Build.0 = Release|Any CPU
	EndGlobalSection
	GlobalSection(SolutionProperties) = preSolution
		HideSolutionNode = FALSE
	EndGlobalSection
EndGlobal
